
Microsoft Visual Studio Solution File, Format Version 12.00
Project("{FAE04EC0-301F-11D3-BF4B-00C04F79EFBC}") = "TextAnalytics.Core", "TextAnalytics.Core\TextAnalytics.Core.csproj", "{ADB95F14-6287-41B2-96E2-42A610376023}"
EndProject
Project("{FAE04EC0-301F-11D3-BF4B-00C04F79EFBC}") = "TextAnalytics.Services", "TextAnalytics.Services\TextAnalytics.Services.csproj", "{96C82556-1BCF-4145-A6EA-36DA73AA26D0}"
EndProject
Project("{FAE04EC0-301F-11D3-BF4B-00C04F79EFBC}") = "TextAnalytics.App", "TextAnalytics.App\TextAnalytics.App.csproj", "{3F899FC9-F2D0-4A5B-927A-97835CF11E8B}"
EndProject
Project("{FAE04EC0-301F-11D3-BF4B-00C04F79EFBC}") = "TextAnalytics.Tests", "TextAnalytics.Tests\TextAnalytics.Tests.csproj", "{16B17D10-1AD7-4403-A5CD-00DEBDE7487F}"
EndProject
Global
	GlobalSection(SolutionConfigurationPlatforms) = preSolution
		Debug|Any CPU = Debug|Any CPU
		Release|Any CPU = Release|Any CPU
	EndGlobalSection
	GlobalSection(ProjectConfigurationPlatforms) = postSolution
		{ADB95F14-6287-41B2-96E2-42A610376023}.Debug|Any CPU.ActiveCfg = Debug|Any CPU
		{ADB95F14-6287-41B2-96E2-42A610376023}.Debug|Any CPU.Build.0 = Debug|Any CPU
		{ADB95F14-6287-41B2-96E2-42A610376023}.Release|Any CPU.ActiveCfg = Release|Any CPU
		{ADB95F14-6287-41B2-96E2-42A610376023}.Release|Any CPU.Build.0 = Release|Any CPU
		{96C82556-1BCF-4145-A6EA-36DA73AA26D0}.Debug|Any CPU.ActiveCfg = Debug|Any CPU
		{96C82556-1BCF-4145-A6EA-36DA73AA26D0}.Debug|Any CPU.Build.0 = Debug|Any CPU
		{96C82556-1BCF-4145-A6EA-36DA73AA26D0}.Release|Any CPU.ActiveCfg = Release|Any CPU
		{96C82556-1BCF-4145-A6EA-36DA73AA26D0}.Release|Any CPU.Build.0 = Release|Any CPU
		{3F899FC9-F2D0-4A5B-927A-97835CF11E8B}.Debug|Any CPU.ActiveCfg = Debug|Any CPU
		{3F899FC9-F2D0-4A5B-927A-97835CF11E8B}.Debug|Any CPU.Build.0 = Debug|Any CPU
		{3F899FC9-F2D0-4A5B-927A-97835CF11E8B}.Release|Any CPU.ActiveCfg = Release|Any CPU
		{3F899FC9-F2D0-4A5B-927A-97835CF11E8B}.Release|Any CPU.Build.0 = Release|Any CPU
		{16B17D10-1AD7-4403-A5CD-00DEBDE7487F}.Debug|Any CPU.ActiveCfg = Debug|Any CPU
		{16B17D10-1AD7-4403-A5CD-00DEBDE7487F}.Debug|Any CPU.Build.0 = Debug|Any CPU
		{16B17D10-1AD7-4403-A5CD-00DEBDE7487F}.Release|Any CPU.ActiveCfg = Release|Any CPU
		{16B17D10-1AD7-4403-A5CD-00DEBDE7487F}.Release|Any CPU.Build.0 = Release|Any CPU
	EndGlobalSection
EndGlobal
